{
  "name": "test-scran",
  "version": "1.0.0",
  "lockfileVersion": 2,
  "requires": true,
  "packages": {
    "": {
      "name": "test-scran",
      "version": "1.0.0",
      "license": "ISC",
      "dependencies": {
        "scran.js": "^0.0.2"
      }
    },
    "node_modules/jsfive": {
      "version": "0.3.6",
      "resolved": "https://registry.npmjs.org/jsfive/-/jsfive-0.3.6.tgz",
      "integrity": "sha512-kuXB6NJe7oeoMi3fby95AN9Ldez4f3XZBOy7YBpXx5q9yjTExW9yKKcDeL/DqDI1YqxOLCih3Y7iHsA4DXX6RQ==",
      "dependencies": {
        "pako": "^2.0.4"
      }
    },
    "node_modules/pako": {
      "version": "2.0.4",
      "resolved": "https://registry.npmjs.org/pako/-/pako-2.0.4.tgz",
      "integrity": "sha512-v8tweI900AUkZN6heMU/4Uy4cXRc2AYNRggVmTR+dEncawDJgCdLMximOVA2p4qO57WMynangsfGRb5WD6L1Bg=="
    },
    "node_modules/scran.js": {
      "version": "0.0.2",
      "resolved": "https://registry.npmjs.org/scran.js/-/scran.js-0.0.2.tgz",
      "integrity": "sha512-a6ihFMJur1pTa6KObqzSekCsjEsZ1Kw5A044NquwnYO5Ecr0X9jAoxJTxz0o3fTwmVo3DPo7fW3ViSvrPPSbng==",
      "dependencies": {
        "jsfive": "^0.3.5",
        "pako": "^2.0.4"
      }
    }
  },
  "dependencies": {
    "jsfive": {
      "version": "0.3.6",
      "resolved": "https://registry.npmjs.org/jsfive/-/jsfive-0.3.6.tgz",
      "integrity": "sha512-kuXB6NJe7oeoMi3fby95AN9Ldez4f3XZBOy7YBpXx5q9yjTExW9yKKcDeL/DqDI1YqxOLCih3Y7iHsA4DXX6RQ==",
      "requires": {
        "pako": "^2.0.4"
      }
    },
    "pako": {
      "version": "2.0.4",
      "resolved": "https://registry.npmjs.org/pako/-/pako-2.0.4.tgz",
      "integrity": "sha512-v8tweI900AUkZN6heMU/4Uy4cXRc2AYNRggVmTR+dEncawDJgCdLMximOVA2p4qO57WMynangsfGRb5WD6L1Bg=="
    },
    "scran.js": {
      "version": "0.0.2",
      "resolved": "https://registry.npmjs.org/scran.js/-/scran.js-0.0.2.tgz",
      "integrity": "sha512-a6ihFMJur1pTa6KObqzSekCsjEsZ1Kw5A044NquwnYO5Ecr0X9jAoxJTxz0o3fTwmVo3DPo7fW3ViSvrPPSbng==",
      "requires": {
        "jsfive": "^0.3.5",
        "pako": "^2.0.4"
      }
    }
  }
}
